
Microsoft Visual Studio Solution File, Format Version 12.00
# Visual Studio Version 16
VisualStudioVersion = 16.0.29728.190
MinimumVisualStudioVersion = 10.0.40219.1
Project("{2150E333-8FDC-42A3-9474-1A3956D46DE8}") = "Application", "Application", "{AD44BD46-D5BF-49FF-AD0F-A9BED22EE2F9}"
EndProject
Project("{2150E333-8FDC-42A3-9474-1A3956D46DE8}") = "Domain", "Domain", "{6354D481-617A-4B15-A69C-4598F72734B3}"
EndProject
Project("{2150E333-8FDC-42A3-9474-1A3956D46DE8}") = "Infra.Ioc", "Infra.Ioc", "{B56BC5C6-E8DB-4102-B0BE-04868AC6011D}"
EndProject
Project("{2150E333-8FDC-42A3-9474-1A3956D46DE8}") = "Presentation", "Presentation", "{DD303D14-4411-47EC-85BC-3F63B3CAA370}"
EndProject
Project("{2150E333-8FDC-42A3-9474-1A3956D46DE8}") = "Infra.Data", "Infra.Data", "{97DAB021-A481-43C6-904E-02DA1CAE9000}"
EndProject
Project("{9A19103F-16F7-4668-BE54-9A1E7A4F7556}") = "CleanArch.Mvc2", "CleanArch.Mvc2\CleanArch.Mvc2.csproj", "{3088F4FE-DD5A-41BC-8C5D-8CAF67DC1788}"
EndProject
Project("{9A19103F-16F7-4668-BE54-9A1E7A4F7556}") = "CleanArch.Domain", "CleanArch.Domain\CleanArch.Domain.csproj", "{04E65711-876E-443B-B154-AC6E91E4A1F6}"
EndProject
Project("{9A19103F-16F7-4668-BE54-9A1E7A4F7556}") = "CleanArch.Infra.Data", "CleanArch.Infra.Data\CleanArch.Infra.Data.csproj", "{0145DB21-DB96-4868-A56A-905548635FD3}"
EndProject
Project("{FAE04EC0-301F-11D3-BF4B-00C04F79EFBC}") = "CleanArch.Application", "CleanArch.Application\CleanArch.Application.csproj", "{E6140D6D-BFDA-44C2-87B0-91A16FE7B3E0}"
EndProject
Project("{FAE04EC0-301F-11D3-BF4B-00C04F79EFBC}") = "CleanArch.Infra.IoC", "CleanArch.Infra.IoC\CleanArch.Infra.IoC.csproj", "{7F38EB13-4591-4B01-ABC5-0CF95322B694}"
EndProject
Project("{2150E333-8FDC-42A3-9474-1A3956D46DE8}") = "Infra.Bus", "Infra.Bus", "{4FE418F4-C6F2-4B7E-AF12-65B2CC474DF3}"
EndProject
Project("{2150E333-8FDC-42A3-9474-1A3956D46DE8}") = "Api", "Api", "{6F24FB03-3F76-4BCA-8D9D-41AFFE10B427}"
EndProject
Global
	GlobalSection(SolutionConfigurationPlatforms) = preSolution
		Debug|Any CPU = Debug|Any CPU
		Release|Any CPU = Release|Any CPU
	EndGlobalSection
	GlobalSection(ProjectConfigurationPlatforms) = postSolution
		{3088F4FE-DD5A-41BC-8C5D-8CAF67DC1788}.Debug|Any CPU.ActiveCfg = Debug|Any CPU
		{3088F4FE-DD5A-41BC-8C5D-8CAF67DC1788}.Debug|Any CPU.Build.0 = Debug|Any CPU
		{3088F4FE-DD5A-41BC-8C5D-8CAF67DC1788}.Release|Any CPU.ActiveCfg = Release|Any CPU
		{3088F4FE-DD5A-41BC-8C5D-8CAF67DC1788}.Release|Any CPU.Build.0 = Release|Any CPU
		{04E65711-876E-443B-B154-AC6E91E4A1F6}.Debug|Any CPU.ActiveCfg = Debug|Any CPU
		{04E65711-876E-443B-B154-AC6E91E4A1F6}.Debug|Any CPU.Build.0 = Debug|Any CPU
		{04E65711-876E-443B-B154-AC6E91E4A1F6}.Release|Any CPU.ActiveCfg = Release|Any CPU
		{04E65711-876E-443B-B154-AC6E91E4A1F6}.Release|Any CPU.Build.0 = Release|Any CPU
		{0145DB21-DB96-4868-A56A-905548635FD3}.Debug|Any CPU.ActiveCfg = Debug|Any CPU
		{0145DB21-DB96-4868-A56A-905548635FD3}.Debug|Any CPU.Build.0 = Debug|Any CPU
		{0145DB21-DB96-4868-A56A-905548635FD3}.Release|Any CPU.ActiveCfg = Release|Any CPU
		{0145DB21-DB96-4868-A56A-905548635FD3}.Release|Any CPU.Build.0 = Release|Any CPU
		{E6140D6D-BFDA-44C2-87B0-91A16FE7B3E0}.Debug|Any CPU.ActiveCfg = Debug|Any CPU
		{E6140D6D-BFDA-44C2-87B0-91A16FE7B3E0}.Debug|Any CPU.Build.0 = Debug|Any CPU
		{E6140D6D-BFDA-44C2-87B0-91A16FE7B3E0}.Release|Any CPU.ActiveCfg = Release|Any CPU
		{E6140D6D-BFDA-44C2-87B0-91A16FE7B3E0}.Release|Any CPU.Build.0 = Release|Any CPU
		{7F38EB13-4591-4B01-ABC5-0CF95322B694}.Debug|Any CPU.ActiveCfg = Debug|Any CPU
		{7F38EB13-4591-4B01-ABC5-0CF95322B694}.Debug|Any CPU.Build.0 = Debug|Any CPU
		{7F38EB13-4591-4B01-ABC5-0CF95322B694}.Release|Any CPU.ActiveCfg = Release|Any CPU
		{7F38EB13-4591-4B01-ABC5-0CF95322B694}.Release|Any CPU.Build.0 = Release|Any CPU
	EndGlobalSection
	GlobalSection(SolutionProperties) = preSolution
		HideSolutionNode = FALSE
	EndGlobalSection
	GlobalSection(NestedProjects) = preSolution
		{3088F4FE-DD5A-41BC-8C5D-8CAF67DC1788} = {DD303D14-4411-47EC-85BC-3F63B3CAA370}
		{04E65711-876E-443B-B154-AC6E91E4A1F6} = {6354D481-617A-4B15-A69C-4598F72734B3}
		{0145DB21-DB96-4868-A56A-905548635FD3} = {97DAB021-A481-43C6-904E-02DA1CAE9000}
		{E6140D6D-BFDA-44C2-87B0-91A16FE7B3E0} = {AD44BD46-D5BF-49FF-AD0F-A9BED22EE2F9}
		{7F38EB13-4591-4B01-ABC5-0CF95322B694} = {B56BC5C6-E8DB-4102-B0BE-04868AC6011D}
	EndGlobalSection
	GlobalSection(ExtensibilityGlobals) = postSolution
		SolutionGuid = {E5133F4F-5436-45C2-8C18-022B75A30A86}
	EndGlobalSection
EndGlobal
